
Microsoft Visual Studio Solution File, Format Version 12.00
Project("{FAE04EC0-301F-11D3-BF4B-00C04F79EFBC}") = "SpeedyAPI", "SpeedyAPI\SpeedyAPI.csproj", "{8EECB782-5834-4FA4-A337-68A96968CFE6}"
EndProject
Project("{FAE04EC0-301F-11D3-BF4B-00C04F79EFBC}") = "PaymentAPI", "PaymentAPI\PaymentAPI.csproj", "{F913260F-EFC1-4751-BF3E-DE3E30F3AA11}"
EndProject
Project("{FAE04EC0-301F-11D3-BF4B-00C04F79EFBC}") = "PdfAPI", "PdfAPI\PdfAPI.csproj", "{7581E2A5-D119-41EA-815D-88F981AA43CF}"
EndProject
Project("{FAE04EC0-301F-11D3-BF4B-00C04F79EFBC}") = "Security", "Security\Security.csproj", "{5C308083-6380-42A9-803A-955B94AE9A2B}"
EndProject
Project("{FAE04EC0-301F-11D3-BF4B-00C04F79EFBC}") = "GoogleMapsAPI", "GoogleMapsAPI\GoogleMapsAPI.csproj", "{9813FFE0-5B48-4F89-AC38-8D138C7457C9}"
EndProject
Project("{FAE04EC0-301F-11D3-BF4B-00C04F79EFBC}") = "RepairAPI", "RepairAPI\RepairAPI.csproj", "{F35DD22C-AF61-4725-8261-0FF7B4D0CCAD}"
EndProject
Project("{FAE04EC0-301F-11D3-BF4B-00C04F79EFBC}") = "WarehouseAPI", "WarehouseAPI\WarehouseAPI.csproj", "{4D3AF343-231E-476E-9B29-1B68C2615C89}"
EndProject
Project("{FAE04EC0-301F-11D3-BF4B-00C04F79EFBC}") = "AuthAPI", "AuthAPI\AuthAPI.csproj", "{65E7C11B-534A-401C-AC52-DCCE8027C606}"
EndProject
Project("{FAE04EC0-301F-11D3-BF4B-00C04F79EFBC}") = "StatisticsAPI", "StatisticsAPI\StatisticsAPI.csproj", "{12F8E6BC-37FC-4C44-8714-D12C6F7EC131}"
EndProject
Project("{FAE04EC0-301F-11D3-BF4B-00C04F79EFBC}") = "LogAPI", "LogAPI\LogAPI.csproj", "{01BFC15B-DF94-4DFC-A808-EE8267EF47E6}"
EndProject
Project("{FAE04EC0-301F-11D3-BF4B-00C04F79EFBC}") = "Common", "Common\Common.csproj", "{20902A4C-C1E9-4FC2-8BE6-A9B71358D640}"
EndProject
Project("{FAE04EC0-301F-11D3-BF4B-00C04F79EFBC}") = "Tests", "Tests\Tests.csproj", "{8383060F-476E-4F90-B2D0-7250080CF0AF}"
EndProject
Project("{2150E333-8FDC-42A3-9474-1A3956D46DE8}") = "APIs", "APIs", "{B81E7437-4557-4490-AA04-2815AED4537C}"
EndProject
Project("{2150E333-8FDC-42A3-9474-1A3956D46DE8}") = "Libs", "Libs", "{DD59240C-1EB1-4717-9854-838FAF7CDA08}"
EndProject
Global
	GlobalSection(SolutionConfigurationPlatforms) = preSolution
		Debug|Any CPU = Debug|Any CPU
		Release|Any CPU = Release|Any CPU
	EndGlobalSection
	GlobalSection(ProjectConfigurationPlatforms) = postSolution
		{8EECB782-5834-4FA4-A337-68A96968CFE6}.Debug|Any CPU.ActiveCfg = Debug|Any CPU
		{8EECB782-5834-4FA4-A337-68A96968CFE6}.Debug|Any CPU.Build.0 = Debug|Any CPU
		{8EECB782-5834-4FA4-A337-68A96968CFE6}.Release|Any CPU.ActiveCfg = Release|Any CPU
		{8EECB782-5834-4FA4-A337-68A96968CFE6}.Release|Any CPU.Build.0 = Release|Any CPU
		{F913260F-EFC1-4751-BF3E-DE3E30F3AA11}.Debug|Any CPU.ActiveCfg = Debug|Any CPU
		{F913260F-EFC1-4751-BF3E-DE3E30F3AA11}.Debug|Any CPU.Build.0 = Debug|Any CPU
		{F913260F-EFC1-4751-BF3E-DE3E30F3AA11}.Release|Any CPU.ActiveCfg = Release|Any CPU
		{F913260F-EFC1-4751-BF3E-DE3E30F3AA11}.Release|Any CPU.Build.0 = Release|Any CPU
		{7581E2A5-D119-41EA-815D-88F981AA43CF}.Debug|Any CPU.ActiveCfg = Debug|Any CPU
		{7581E2A5-D119-41EA-815D-88F981AA43CF}.Debug|Any CPU.Build.0 = Debug|Any CPU
		{7581E2A5-D119-41EA-815D-88F981AA43CF}.Release|Any CPU.ActiveCfg = Release|Any CPU
		{7581E2A5-D119-41EA-815D-88F981AA43CF}.Release|Any CPU.Build.0 = Release|Any CPU
		{5C308083-6380-42A9-803A-955B94AE9A2B}.Debug|Any CPU.ActiveCfg = Debug|Any CPU
		{5C308083-6380-42A9-803A-955B94AE9A2B}.Debug|Any CPU.Build.0 = Debug|Any CPU
		{5C308083-6380-42A9-803A-955B94AE9A2B}.Release|Any CPU.ActiveCfg = Release|Any CPU
		{5C308083-6380-42A9-803A-955B94AE9A2B}.Release|Any CPU.Build.0 = Release|Any CPU
		{9813FFE0-5B48-4F89-AC38-8D138C7457C9}.Debug|Any CPU.ActiveCfg = Debug|Any CPU
		{9813FFE0-5B48-4F89-AC38-8D138C7457C9}.Debug|Any CPU.Build.0 = Debug|Any CPU
		{9813FFE0-5B48-4F89-AC38-8D138C7457C9}.Release|Any CPU.ActiveCfg = Release|Any CPU
		{9813FFE0-5B48-4F89-AC38-8D138C7457C9}.Release|Any CPU.Build.0 = Release|Any CPU
		{F35DD22C-AF61-4725-8261-0FF7B4D0CCAD}.Debug|Any CPU.ActiveCfg = Debug|Any CPU
		{F35DD22C-AF61-4725-8261-0FF7B4D0CCAD}.Debug|Any CPU.Build.0 = Debug|Any CPU
		{F35DD22C-AF61-4725-8261-0FF7B4D0CCAD}.Release|Any CPU.ActiveCfg = Release|Any CPU
		{F35DD22C-AF61-4725-8261-0FF7B4D0CCAD}.Release|Any CPU.Build.0 = Release|Any CPU
		{4D3AF343-231E-476E-9B29-1B68C2615C89}.Debug|Any CPU.ActiveCfg = Debug|Any CPU
		{4D3AF343-231E-476E-9B29-1B68C2615C89}.Debug|Any CPU.Build.0 = Debug|Any CPU
		{4D3AF343-231E-476E-9B29-1B68C2615C89}.Release|Any CPU.ActiveCfg = Release|Any CPU
		{4D3AF343-231E-476E-9B29-1B68C2615C89}.Release|Any CPU.Build.0 = Release|Any CPU
		{65E7C11B-534A-401C-AC52-DCCE8027C606}.Debug|Any CPU.ActiveCfg = Debug|Any CPU
		{65E7C11B-534A-401C-AC52-DCCE8027C606}.Debug|Any CPU.Build.0 = Debug|Any CPU
		{65E7C11B-534A-401C-AC52-DCCE8027C606}.Release|Any CPU.ActiveCfg = Release|Any CPU
		{65E7C11B-534A-401C-AC52-DCCE8027C606}.Release|Any CPU.Build.0 = Release|Any CPU
		{12F8E6BC-37FC-4C44-8714-D12C6F7EC131}.Debug|Any CPU.ActiveCfg = Debug|Any CPU
		{12F8E6BC-37FC-4C44-8714-D12C6F7EC131}.Debug|Any CPU.Build.0 = Debug|Any CPU
		{12F8E6BC-37FC-4C44-8714-D12C6F7EC131}.Release|Any CPU.ActiveCfg = Release|Any CPU
		{12F8E6BC-37FC-4C44-8714-D12C6F7EC131}.Release|Any CPU.Build.0 = Release|Any CPU
		{01BFC15B-DF94-4DFC-A808-EE8267EF47E6}.Debug|Any CPU.ActiveCfg = Debug|Any CPU
		{01BFC15B-DF94-4DFC-A808-EE8267EF47E6}.Debug|Any CPU.Build.0 = Debug|Any CPU
		{01BFC15B-DF94-4DFC-A808-EE8267EF47E6}.Release|Any CPU.ActiveCfg = Release|Any CPU
		{01BFC15B-DF94-4DFC-A808-EE8267EF47E6}.Release|Any CPU.Build.0 = Release|Any CPU
		{20902A4C-C1E9-4FC2-8BE6-A9B71358D640}.Debug|Any CPU.ActiveCfg = Debug|Any CPU
		{20902A4C-C1E9-4FC2-8BE6-A9B71358D640}.Debug|Any CPU.Build.0 = Debug|Any CPU
		{20902A4C-C1E9-4FC2-8BE6-A9B71358D640}.Release|Any CPU.ActiveCfg = Release|Any CPU
		{20902A4C-C1E9-4FC2-8BE6-A9B71358D640}.Release|Any CPU.Build.0 = Release|Any CPU
		{8383060F-476E-4F90-B2D0-7250080CF0AF}.Debug|Any CPU.ActiveCfg = Debug|Any CPU
		{8383060F-476E-4F90-B2D0-7250080CF0AF}.Debug|Any CPU.Build.0 = Debug|Any CPU
		{8383060F-476E-4F90-B2D0-7250080CF0AF}.Release|Any CPU.ActiveCfg = Release|Any CPU
		{8383060F-476E-4F90-B2D0-7250080CF0AF}.Release|Any CPU.Build.0 = Release|Any CPU
	EndGlobalSection
	GlobalSection(NestedProjects) = preSolution
		{65E7C11B-534A-401C-AC52-DCCE8027C606} = {B81E7437-4557-4490-AA04-2815AED4537C}
		{9813FFE0-5B48-4F89-AC38-8D138C7457C9} = {B81E7437-4557-4490-AA04-2815AED4537C}
		{01BFC15B-DF94-4DFC-A808-EE8267EF47E6} = {B81E7437-4557-4490-AA04-2815AED4537C}
		{8EECB782-5834-4FA4-A337-68A96968CFE6} = {B81E7437-4557-4490-AA04-2815AED4537C}
		{4D3AF343-231E-476E-9B29-1B68C2615C89} = {B81E7437-4557-4490-AA04-2815AED4537C}
		{12F8E6BC-37FC-4C44-8714-D12C6F7EC131} = {B81E7437-4557-4490-AA04-2815AED4537C}
		{7581E2A5-D119-41EA-815D-88F981AA43CF} = {B81E7437-4557-4490-AA04-2815AED4537C}
		{F913260F-EFC1-4751-BF3E-DE3E30F3AA11} = {B81E7437-4557-4490-AA04-2815AED4537C}
		{F35DD22C-AF61-4725-8261-0FF7B4D0CCAD} = {B81E7437-4557-4490-AA04-2815AED4537C}
		{5C308083-6380-42A9-803A-955B94AE9A2B} = {DD59240C-1EB1-4717-9854-838FAF7CDA08}
		{20902A4C-C1E9-4FC2-8BE6-A9B71358D640} = {DD59240C-1EB1-4717-9854-838FAF7CDA08}
	EndGlobalSection
EndGlobal
